
Microsoft Visual Studio Solution File, Format Version 12.00
Project("{FAE04EC0-301F-11D3-BF4B-00C04F79EFBC}") = "TFACGUI.BlazorWebApp", "TFACGUI.BlazorWebApp\TFACGUI.BlazorWebApp.csproj", "{B3E08D1F-AC59-449D-9CD4-6B6A87611BAE}"
EndProject
Global
	GlobalSection(SolutionConfigurationPlatforms) = preSolution
		Debug|Any CPU = Debug|Any CPU
		Release|Any CPU = Release|Any CPU
	EndGlobalSection
	GlobalSection(ProjectConfigurationPlatforms) = postSolution
		{B3E08D1F-AC59-449D-9CD4-6B6A87611BAE}.Debug|Any CPU.ActiveCfg = Debug|Any CPU
		{B3E08D1F-AC59-449D-9CD4-6B6A87611BAE}.Debug|Any CPU.Build.0 = Debug|Any CPU
		{B3E08D1F-AC59-449D-9CD4-6B6A87611BAE}.Release|Any CPU.ActiveCfg = Release|Any CPU
		{B3E08D1F-AC59-449D-9CD4-6B6A87611BAE}.Release|Any CPU.Build.0 = Release|Any CPU
	EndGlobalSection
EndGlobal
